
Microsoft Visual Studio Solution File, Format Version 12.00
# Visual Studio Version 17
VisualStudioVersion = 17.7.34202.233
MinimumVisualStudioVersion = 10.0.40219.1
Project("{FAE04EC0-301F-11D3-BF4B-00C04F79EFBC}") = "DependencyInjecttionLifeTime", "DependencyInjecttionLifeTime\DependencyInjecttionLifeTime.csproj", "{6A8B14F2-899D-49D2-8596-26DAC43570CC}"
EndProject
Global
	GlobalSection(SolutionConfigurationPlatforms) = preSolution
		Debug|Any CPU = Debug|Any CPU
		Release|Any CPU = Release|Any CPU
	EndGlobalSection
	GlobalSection(ProjectConfigurationPlatforms) = postSolution
		{6A8B14F2-899D-49D2-8596-26DAC43570CC}.Debug|Any CPU.ActiveCfg = Debug|Any CPU
		{6A8B14F2-899D-49D2-8596-26DAC43570CC}.Debug|Any CPU.Build.0 = Debug|Any CPU
		{6A8B14F2-899D-49D2-8596-26DAC43570CC}.Release|Any CPU.ActiveCfg = Release|Any CPU
		{6A8B14F2-899D-49D2-8596-26DAC43570CC}.Release|Any CPU.Build.0 = Release|Any CPU
	EndGlobalSection
	GlobalSection(SolutionProperties) = preSolution
		HideSolutionNode = FALSE
	EndGlobalSection
	GlobalSection(ExtensibilityGlobals) = postSolution
		SolutionGuid = {763CA526-01FB-43F5-AD3E-30BC9B3DB37B}
	EndGlobalSection
EndGlobal
